
Microsoft Visual Studio Solution File, Format Version 12.00
# Visual Studio 14
VisualStudioVersion = 14.0.23107.0
MinimumVisualStudioVersion = 10.0.40219.1
Project("{2150E333-8FDC-42A3-9474-1A3956D46DE8}") = "src", "src", "{A2382C29-B76E-48B4-B083-E33F8D8B9625}"
EndProject
Project("{2150E333-8FDC-42A3-9474-1A3956D46DE8}") = "Solution Items", "Solution Items", "{90324E9E-1EED-450F-A3B0-C6778B7F8CDD}"
	ProjectSection(SolutionItems) = preProject
		global.json = global.json
	EndProjectSection
EndProject
Project("{8BB2217D-0F2D-49D1-97BC-3654ED321F3B}") = "ServerControlService", "src\ServerControlService\ServerControlService.xproj", "{FBA78BE4-EF95-4BA8-BBD5-D78EB85652B6}"
EndProject
Project("{8BB2217D-0F2D-49D1-97BC-3654ED321F3B}") = "ServerControllerClient", "src\ServerControllerClient\ServerControllerClient.xproj", "{4B5044BD-BD86-4537-8528-DFD5942AED5A}"
EndProject
Project("{8BB2217D-0F2D-49D1-97BC-3654ED321F3B}") = "BahamutCommon", "..\BahamutZero\src\BahamutCommon\BahamutCommon.xproj", "{2EF2E209-4289-46A9-BCA5-6555CB39BF68}"
EndProject
Project("{8BB2217D-0F2D-49D1-97BC-3654ED321F3B}") = "DataLevelDefines", "..\BahamutZero\src\DataLevelDefines\DataLevelDefines.xproj", "{066F24F1-F532-4C3D-8AED-91F9AD1D5615}"
EndProject
Global
	GlobalSection(SolutionConfigurationPlatforms) = preSolution
		Debug|Any CPU = Debug|Any CPU
		Release|Any CPU = Release|Any CPU
	EndGlobalSection
	GlobalSection(ProjectConfigurationPlatforms) = postSolution
		{FBA78BE4-EF95-4BA8-BBD5-D78EB85652B6}.Debug|Any CPU.ActiveCfg = Debug|Any CPU
		{FBA78BE4-EF95-4BA8-BBD5-D78EB85652B6}.Debug|Any CPU.Build.0 = Debug|Any CPU
		{FBA78BE4-EF95-4BA8-BBD5-D78EB85652B6}.Release|Any CPU.ActiveCfg = Release|Any CPU
		{FBA78BE4-EF95-4BA8-BBD5-D78EB85652B6}.Release|Any CPU.Build.0 = Release|Any CPU
		{4B5044BD-BD86-4537-8528-DFD5942AED5A}.Debug|Any CPU.ActiveCfg = Debug|Any CPU
		{4B5044BD-BD86-4537-8528-DFD5942AED5A}.Debug|Any CPU.Build.0 = Debug|Any CPU
		{4B5044BD-BD86-4537-8528-DFD5942AED5A}.Release|Any CPU.ActiveCfg = Release|Any CPU
		{4B5044BD-BD86-4537-8528-DFD5942AED5A}.Release|Any CPU.Build.0 = Release|Any CPU
		{2EF2E209-4289-46A9-BCA5-6555CB39BF68}.Debug|Any CPU.ActiveCfg = Debug|Any CPU
		{2EF2E209-4289-46A9-BCA5-6555CB39BF68}.Debug|Any CPU.Build.0 = Debug|Any CPU
		{2EF2E209-4289-46A9-BCA5-6555CB39BF68}.Release|Any CPU.ActiveCfg = Release|Any CPU
		{2EF2E209-4289-46A9-BCA5-6555CB39BF68}.Release|Any CPU.Build.0 = Release|Any CPU
		{066F24F1-F532-4C3D-8AED-91F9AD1D5615}.Debug|Any CPU.ActiveCfg = Debug|Any CPU
		{066F24F1-F532-4C3D-8AED-91F9AD1D5615}.Debug|Any CPU.Build.0 = Debug|Any CPU
		{066F24F1-F532-4C3D-8AED-91F9AD1D5615}.Release|Any CPU.ActiveCfg = Release|Any CPU
		{066F24F1-F532-4C3D-8AED-91F9AD1D5615}.Release|Any CPU.Build.0 = Release|Any CPU
	EndGlobalSection
	GlobalSection(SolutionProperties) = preSolution
		HideSolutionNode = FALSE
	EndGlobalSection
	GlobalSection(NestedProjects) = preSolution
		{FBA78BE4-EF95-4BA8-BBD5-D78EB85652B6} = {A2382C29-B76E-48B4-B083-E33F8D8B9625}
		{4B5044BD-BD86-4537-8528-DFD5942AED5A} = {A2382C29-B76E-48B4-B083-E33F8D8B9625}
		{2EF2E209-4289-46A9-BCA5-6555CB39BF68} = {90324E9E-1EED-450F-A3B0-C6778B7F8CDD}
		{066F24F1-F532-4C3D-8AED-91F9AD1D5615} = {90324E9E-1EED-450F-A3B0-C6778B7F8CDD}
	EndGlobalSection
EndGlobal
